
Microsoft Visual Studio Solution File, Format Version 12.00
# Visual Studio 15
VisualStudioVersion = 15.0.28307.852
MinimumVisualStudioVersion = 10.0.40219.1
Project("{888888A0-9F3D-457C-B088-3A5042F75D52}") = "NAVETTA", "NAVETTA\NAVETTA.pyproj", "{4400814A-D3C8-45C4-8BCE-C2D7B4922CD8}"
EndProject
Global
	GlobalSection(SolutionConfigurationPlatforms) = preSolution
		Debug|Any CPU = Debug|Any CPU
		Release|Any CPU = Release|Any CPU
	EndGlobalSection
	GlobalSection(ProjectConfigurationPlatforms) = postSolution
		{4400814A-D3C8-45C4-8BCE-C2D7B4922CD8}.Debug|Any CPU.ActiveCfg = Debug|Any CPU
		{4400814A-D3C8-45C4-8BCE-C2D7B4922CD8}.Release|Any CPU.ActiveCfg = Release|Any CPU
	EndGlobalSection
	GlobalSection(SolutionProperties) = preSolution
		HideSolutionNode = FALSE
	EndGlobalSection
	GlobalSection(ExtensibilityGlobals) = postSolution
		SolutionGuid = {CD644A91-8EFA-419C-BCB5-AE81D0C496B1}
	EndGlobalSection
EndGlobal
